
Microsoft Visual Studio Solution File, Format Version 12.00
# Visual Studio Version 17
VisualStudioVersion = 17.6.33712.159
MinimumVisualStudioVersion = 10.0.40219.1
Project("{9A19103F-16F7-4668-BE54-9A1E7A4F7556}") = "ConsoleApp_Masnyk_gr#3_p1_HW 1", "ConsoleApp_C#_p1_Masnyk_gr#3_\ConsoleApp_Masnyk_gr#3_p1_HW 1.csproj", "{2CC2E560-67A7-4CF4-93C8-CA085A193B94}"
EndProject
Global
	GlobalSection(SolutionConfigurationPlatforms) = preSolution
		Debug|Any CPU = Debug|Any CPU
		Release|Any CPU = Release|Any CPU
	EndGlobalSection
	GlobalSection(ProjectConfigurationPlatforms) = postSolution
		{2CC2E560-67A7-4CF4-93C8-CA085A193B94}.Debug|Any CPU.ActiveCfg = Debug|Any CPU
		{2CC2E560-67A7-4CF4-93C8-CA085A193B94}.Debug|Any CPU.Build.0 = Debug|Any CPU
		{2CC2E560-67A7-4CF4-93C8-CA085A193B94}.Release|Any CPU.ActiveCfg = Release|Any CPU
		{2CC2E560-67A7-4CF4-93C8-CA085A193B94}.Release|Any CPU.Build.0 = Release|Any CPU
	EndGlobalSection
	GlobalSection(SolutionProperties) = preSolution
		HideSolutionNode = FALSE
	EndGlobalSection
	GlobalSection(ExtensibilityGlobals) = postSolution
		SolutionGuid = {D973A17F-BC3F-4F17-8538-20AA8361F84F}
	EndGlobalSection
EndGlobal
